
Microsoft Visual Studio Solution File, Format Version 12.00
# Visual Studio 15
VisualStudioVersion = 15.0.27428.2015
MinimumVisualStudioVersion = 10.0.40219.1
Project("{FAE04EC0-301F-11D3-BF4B-00C04F79EFBC}") = "Inicio", "Inicio\Inicio.csproj", "{03BC6554-C6CD-41E3-86B4-A0791C6E0C23}"
EndProject
Project("{FAE04EC0-301F-11D3-BF4B-00C04F79EFBC}") = "CapaDatos", "CapaDatos\CapaDatos.csproj", "{66F43F34-1BBC-48F8-AF72-507B31BB92AF}"
EndProject
Global
	GlobalSection(SolutionConfigurationPlatforms) = preSolution
		Debug|Any CPU = Debug|Any CPU
		Release|Any CPU = Release|Any CPU
	EndGlobalSection
	GlobalSection(ProjectConfigurationPlatforms) = postSolution
		{03BC6554-C6CD-41E3-86B4-A0791C6E0C23}.Debug|Any CPU.ActiveCfg = Debug|Any CPU
		{03BC6554-C6CD-41E3-86B4-A0791C6E0C23}.Debug|Any CPU.Build.0 = Debug|Any CPU
		{03BC6554-C6CD-41E3-86B4-A0791C6E0C23}.Release|Any CPU.ActiveCfg = Release|Any CPU
		{03BC6554-C6CD-41E3-86B4-A0791C6E0C23}.Release|Any CPU.Build.0 = Release|Any CPU
		{66F43F34-1BBC-48F8-AF72-507B31BB92AF}.Debug|Any CPU.ActiveCfg = Debug|Any CPU
		{66F43F34-1BBC-48F8-AF72-507B31BB92AF}.Debug|Any CPU.Build.0 = Debug|Any CPU
		{66F43F34-1BBC-48F8-AF72-507B31BB92AF}.Release|Any CPU.ActiveCfg = Release|Any CPU
		{66F43F34-1BBC-48F8-AF72-507B31BB92AF}.Release|Any CPU.Build.0 = Release|Any CPU
	EndGlobalSection
	GlobalSection(SolutionProperties) = preSolution
		HideSolutionNode = FALSE
	EndGlobalSection
	GlobalSection(ExtensibilityGlobals) = postSolution
		SolutionGuid = {C044A164-DB62-4AE0-A340-3B6AB227B494}
	EndGlobalSection
EndGlobal
